
Microsoft Visual Studio Solution File, Format Version 12.00
# Visual Studio Version 17
VisualStudioVersion = 17.11.35208.52
MinimumVisualStudioVersion = 10.0.40219.1
Project("{FAE04EC0-301F-11D3-BF4B-00C04F79EFBC}") = "guy's suduku", "guy's suduku\guy's suduku.csproj", "{98E129A3-5FF1-46E2-8B57-5EF6CCDD893E}"
EndProject
Global
	GlobalSection(SolutionConfigurationPlatforms) = preSolution
		Debug|Any CPU = Debug|Any CPU
		Release|Any CPU = Release|Any CPU
	EndGlobalSection
	GlobalSection(ProjectConfigurationPlatforms) = postSolution
		{98E129A3-5FF1-46E2-8B57-5EF6CCDD893E}.Debug|Any CPU.ActiveCfg = Debug|Any CPU
		{98E129A3-5FF1-46E2-8B57-5EF6CCDD893E}.Debug|Any CPU.Build.0 = Debug|Any CPU
		{98E129A3-5FF1-46E2-8B57-5EF6CCDD893E}.Release|Any CPU.ActiveCfg = Release|Any CPU
		{98E129A3-5FF1-46E2-8B57-5EF6CCDD893E}.Release|Any CPU.Build.0 = Release|Any CPU
	EndGlobalSection
	GlobalSection(SolutionProperties) = preSolution
		HideSolutionNode = FALSE
	EndGlobalSection
	GlobalSection(ExtensibilityGlobals) = postSolution
		SolutionGuid = {5F2D8746-F91A-4349-9D6B-780F2505302F}
	EndGlobalSection
EndGlobal
